
Microsoft Visual Studio Solution File, Format Version 12.00
Project("{FAE04EC0-301F-11D3-BF4B-00C04F79EFBC}") = "Pangaea", "Pangaea.csproj", "{F03B0A45-FF07-4756-806D-7103EDDD9960}"
EndProject
Project("{2150E333-8FDC-42A3-9474-1A3956D46DE8}") = "samples", "samples", "{9970A136-157F-4C4E-A1DB-28773814A5B9}"
EndProject
Project("{FAE04EC0-301F-11D3-BF4B-00C04F79EFBC}") = "Basic", "samples\Basic\Basic.csproj", "{A1BFA224-C713-4E03-B1FC-A6B61491EE43}"
EndProject
Global
	GlobalSection(SolutionConfigurationPlatforms) = preSolution
		Debug|Any CPU = Debug|Any CPU
		Release|Any CPU = Release|Any CPU
	EndGlobalSection
	GlobalSection(ProjectConfigurationPlatforms) = postSolution
		{F03B0A45-FF07-4756-806D-7103EDDD9960}.Debug|Any CPU.ActiveCfg = Debug|Any CPU
		{F03B0A45-FF07-4756-806D-7103EDDD9960}.Debug|Any CPU.Build.0 = Debug|Any CPU
		{F03B0A45-FF07-4756-806D-7103EDDD9960}.Release|Any CPU.ActiveCfg = Release|Any CPU
		{F03B0A45-FF07-4756-806D-7103EDDD9960}.Release|Any CPU.Build.0 = Release|Any CPU
		{A1BFA224-C713-4E03-B1FC-A6B61491EE43}.Debug|Any CPU.ActiveCfg = Debug|Any CPU
		{A1BFA224-C713-4E03-B1FC-A6B61491EE43}.Debug|Any CPU.Build.0 = Debug|Any CPU
		{A1BFA224-C713-4E03-B1FC-A6B61491EE43}.Release|Any CPU.ActiveCfg = Release|Any CPU
		{A1BFA224-C713-4E03-B1FC-A6B61491EE43}.Release|Any CPU.Build.0 = Release|Any CPU
	EndGlobalSection
	GlobalSection(NestedProjects) = preSolution
		{A1BFA224-C713-4E03-B1FC-A6B61491EE43} = {9970A136-157F-4C4E-A1DB-28773814A5B9}
	EndGlobalSection
EndGlobal
